
Microsoft Visual Studio Solution File, Format Version 12.00
# Visual Studio Version 17
VisualStudioVersion = 17.0.33027.175
MinimumVisualStudioVersion = 10.0.40219.1
Project("{FAE04EC0-301F-11D3-BF4B-00C04F79EFBC}") = "Otomasyon76", "Otomasyon76.csproj", "{18EDD264-AD3A-4F4D-8DA8-8990937E9203}"
EndProject
Global
	GlobalSection(SolutionConfigurationPlatforms) = preSolution
		Debug|Any CPU = Debug|Any CPU
		Release|Any CPU = Release|Any CPU
	EndGlobalSection
	GlobalSection(ProjectConfigurationPlatforms) = postSolution
		{18EDD264-AD3A-4F4D-8DA8-8990937E9203}.Debug|Any CPU.ActiveCfg = Debug|Any CPU
		{18EDD264-AD3A-4F4D-8DA8-8990937E9203}.Debug|Any CPU.Build.0 = Debug|Any CPU
		{18EDD264-AD3A-4F4D-8DA8-8990937E9203}.Release|Any CPU.ActiveCfg = Release|Any CPU
		{18EDD264-AD3A-4F4D-8DA8-8990937E9203}.Release|Any CPU.Build.0 = Release|Any CPU
	EndGlobalSection
	GlobalSection(SolutionProperties) = preSolution
		HideSolutionNode = FALSE
	EndGlobalSection
	GlobalSection(ExtensibilityGlobals) = postSolution
		SolutionGuid = {2FD94305-218E-41CC-AFB2-685C5A08CD3B}
	EndGlobalSection
EndGlobal
